%{
  "aten": {:git, "git@github.com:rabbitmq/aten.git", "e7b76746925ff0b1272b86668dd8b16fbf2ef668", [branch: "master"]},
  "gen_batch_server": {:git, "git@github.com:rabbitmq/gen-batch-server.git", "b66ed5f1eeb738e1047441499baede944ac64570", [branch: "master"]},
  "ra": {:git, "https://github.com/rabbitmq/ra.git", "b9be31b08d423336f6a4c19a1074949636017a63", []},
}
